
Microsoft Visual Studio Solution File, Format Version 12.00
# Visual Studio 15
VisualStudioVersion = 15.0.28307.421
MinimumVisualStudioVersion = 10.0.40219.1
Project("{FAE04EC0-301F-11D3-BF4B-00C04F79EFBC}") = "GoogleMapToolsAddin", "GoogleMapToolsAddin\GoogleMapToolsAddin.csproj", "{CCC28105-F728-4128-831E-AE3125801BFD}"
EndProject
Global
	GlobalSection(SolutionConfigurationPlatforms) = preSolution
		Debug|Any CPU = Debug|Any CPU
		Release|Any CPU = Release|Any CPU
	EndGlobalSection
	GlobalSection(ProjectConfigurationPlatforms) = postSolution
		{CCC28105-F728-4128-831E-AE3125801BFD}.Debug|Any CPU.ActiveCfg = Debug|Any CPU
		{CCC28105-F728-4128-831E-AE3125801BFD}.Debug|Any CPU.Build.0 = Debug|Any CPU
		{CCC28105-F728-4128-831E-AE3125801BFD}.Release|Any CPU.ActiveCfg = Release|Any CPU
		{CCC28105-F728-4128-831E-AE3125801BFD}.Release|Any CPU.Build.0 = Release|Any CPU
	EndGlobalSection
	GlobalSection(SolutionProperties) = preSolution
		HideSolutionNode = FALSE
	EndGlobalSection
	GlobalSection(ExtensibilityGlobals) = postSolution
		SolutionGuid = {45D69FD3-A4EF-414B-802F-F4571688D5DA}
	EndGlobalSection
EndGlobal
